
Microsoft Visual Studio Solution File, Format Version 12.00
# Visual Studio Version 16
VisualStudioVersion = 16.0.31205.134
MinimumVisualStudioVersion = 10.0.40219.1
Project("{9A19103F-16F7-4668-BE54-9A1E7A4F7556}") = "FunMath", "FunMath.csproj", "{7A41D5D6-8F75-4AD1-AC6C-707E90A8E3EE}"
EndProject
Global
	GlobalSection(SolutionConfigurationPlatforms) = preSolution
		Debug|Any CPU = Debug|Any CPU
		Release|Any CPU = Release|Any CPU
	EndGlobalSection
	GlobalSection(ProjectConfigurationPlatforms) = postSolution
		{7A41D5D6-8F75-4AD1-AC6C-707E90A8E3EE}.Debug|Any CPU.ActiveCfg = Debug|Any CPU
		{7A41D5D6-8F75-4AD1-AC6C-707E90A8E3EE}.Debug|Any CPU.Build.0 = Debug|Any CPU
		{7A41D5D6-8F75-4AD1-AC6C-707E90A8E3EE}.Release|Any CPU.ActiveCfg = Release|Any CPU
		{7A41D5D6-8F75-4AD1-AC6C-707E90A8E3EE}.Release|Any CPU.Build.0 = Release|Any CPU
	EndGlobalSection
	GlobalSection(SolutionProperties) = preSolution
		HideSolutionNode = FALSE
	EndGlobalSection
	GlobalSection(ExtensibilityGlobals) = postSolution
		SolutionGuid = {59AC816D-378B-4983-9660-0AFA87281DDD}
	EndGlobalSection
EndGlobal
